
Microsoft Visual Studio Solution File, Format Version 12.00
# Visual Studio 2012
Project("{F184B08F-C81C-45F6-A57F-5ABD9991F28F}") = "Simple Text Editor", "Simple Text Editor\Simple Text Editor.vbproj", "{FA7B2633-D183-4FDF-976C-E0DB06471F87}"
EndProject
Global
	GlobalSection(SolutionConfigurationPlatforms) = preSolution
		Debug|Any CPU = Debug|Any CPU
		Release|Any CPU = Release|Any CPU
	EndGlobalSection
	GlobalSection(ProjectConfigurationPlatforms) = postSolution
		{FA7B2633-D183-4FDF-976C-E0DB06471F87}.Debug|Any CPU.ActiveCfg = Debug|Any CPU
		{FA7B2633-D183-4FDF-976C-E0DB06471F87}.Debug|Any CPU.Build.0 = Debug|Any CPU
		{FA7B2633-D183-4FDF-976C-E0DB06471F87}.Release|Any CPU.ActiveCfg = Release|Any CPU
		{FA7B2633-D183-4FDF-976C-E0DB06471F87}.Release|Any CPU.Build.0 = Release|Any CPU
	EndGlobalSection
	GlobalSection(SolutionProperties) = preSolution
		HideSolutionNode = FALSE
	EndGlobalSection
EndGlobal
