
Microsoft Visual Studio Solution File, Format Version 12.00
# Visual Studio Express 2012 for Windows Desktop
Project("{F184B08F-C81C-45F6-A57F-5ABD9991F28F}") = "French Numbers", "French Numbers\French Numbers.vbproj", "{8843AEB4-CAA5-4F4F-AD4E-AC1159BE6C86}"
EndProject
Global
	GlobalSection(SolutionConfigurationPlatforms) = preSolution
		Debug|x86 = Debug|x86
		Release|x86 = Release|x86
	EndGlobalSection
	GlobalSection(ProjectConfigurationPlatforms) = postSolution
		{8843AEB4-CAA5-4F4F-AD4E-AC1159BE6C86}.Debug|x86.ActiveCfg = Debug|x86
		{8843AEB4-CAA5-4F4F-AD4E-AC1159BE6C86}.Debug|x86.Build.0 = Debug|x86
		{8843AEB4-CAA5-4F4F-AD4E-AC1159BE6C86}.Release|x86.ActiveCfg = Release|x86
		{8843AEB4-CAA5-4F4F-AD4E-AC1159BE6C86}.Release|x86.Build.0 = Release|x86
	EndGlobalSection
	GlobalSection(SolutionProperties) = preSolution
		HideSolutionNode = FALSE
	EndGlobalSection
EndGlobal
